
Microsoft Visual Studio Solution File, Format Version 12.00
# Visual Studio Version 17
VisualStudioVersion = 17.10.35027.167
MinimumVisualStudioVersion = 10.0.40219.1
Project("{2150E333-8FDC-42A3-9474-1A3956D46DE8}") = "src", "src", "{5E3A5EAB-1A84-4932-9347-939B705E0AD6}"
EndProject
Project("{FAE04EC0-301F-11D3-BF4B-00C04F79EFBC}") = "EcoTrueke.Domain", "EcoTrueke.Domain\EcoTrueke.Domain.csproj", "{ED4A1404-0928-43E0-9B6F-2D73507C5784}"
EndProject
Project("{FAE04EC0-301F-11D3-BF4B-00C04F79EFBC}") = "EcoTrueke.Application", "EcoTrueke.Application\EcoTrueke.Application.csproj", "{8185C4FA-6B60-4308-AAC4-D6A8ED38E3CD}"
EndProject
Project("{FAE04EC0-301F-11D3-BF4B-00C04F79EFBC}") = "EcoTrueke.Infrastructure", "EcoTrueke.Infrastructure\EcoTrueke.Infrastructure.csproj", "{45FA94FE-8AFB-49F9-9DFD-41FD554EA014}"
EndProject
Project("{FAE04EC0-301F-11D3-BF4B-00C04F79EFBC}") = "EcoTrueke.API", "EcoTrueke.API\EcoTrueke.API.csproj", "{F2E63E82-0E76-4D4E-BFA7-FF7AB9AA0E6F}"
EndProject
Global
	GlobalSection(SolutionConfigurationPlatforms) = preSolution
		Debug|Any CPU = Debug|Any CPU
		Release|Any CPU = Release|Any CPU
	EndGlobalSection
	GlobalSection(ProjectConfigurationPlatforms) = postSolution
		{ED4A1404-0928-43E0-9B6F-2D73507C5784}.Debug|Any CPU.ActiveCfg = Debug|Any CPU
		{ED4A1404-0928-43E0-9B6F-2D73507C5784}.Debug|Any CPU.Build.0 = Debug|Any CPU
		{ED4A1404-0928-43E0-9B6F-2D73507C5784}.Release|Any CPU.ActiveCfg = Release|Any CPU
		{ED4A1404-0928-43E0-9B6F-2D73507C5784}.Release|Any CPU.Build.0 = Release|Any CPU
		{8185C4FA-6B60-4308-AAC4-D6A8ED38E3CD}.Debug|Any CPU.ActiveCfg = Debug|Any CPU
		{8185C4FA-6B60-4308-AAC4-D6A8ED38E3CD}.Debug|Any CPU.Build.0 = Debug|Any CPU
		{8185C4FA-6B60-4308-AAC4-D6A8ED38E3CD}.Release|Any CPU.ActiveCfg = Release|Any CPU
		{8185C4FA-6B60-4308-AAC4-D6A8ED38E3CD}.Release|Any CPU.Build.0 = Release|Any CPU
		{45FA94FE-8AFB-49F9-9DFD-41FD554EA014}.Debug|Any CPU.ActiveCfg = Debug|Any CPU
		{45FA94FE-8AFB-49F9-9DFD-41FD554EA014}.Debug|Any CPU.Build.0 = Debug|Any CPU
		{45FA94FE-8AFB-49F9-9DFD-41FD554EA014}.Release|Any CPU.ActiveCfg = Release|Any CPU
		{45FA94FE-8AFB-49F9-9DFD-41FD554EA014}.Release|Any CPU.Build.0 = Release|Any CPU
		{F2E63E82-0E76-4D4E-BFA7-FF7AB9AA0E6F}.Debug|Any CPU.ActiveCfg = Debug|Any CPU
		{F2E63E82-0E76-4D4E-BFA7-FF7AB9AA0E6F}.Debug|Any CPU.Build.0 = Debug|Any CPU
		{F2E63E82-0E76-4D4E-BFA7-FF7AB9AA0E6F}.Release|Any CPU.ActiveCfg = Release|Any CPU
		{F2E63E82-0E76-4D4E-BFA7-FF7AB9AA0E6F}.Release|Any CPU.Build.0 = Release|Any CPU
	EndGlobalSection
	GlobalSection(SolutionProperties) = preSolution
		HideSolutionNode = FALSE
	EndGlobalSection
	GlobalSection(NestedProjects) = preSolution
		{ED4A1404-0928-43E0-9B6F-2D73507C5784} = {5E3A5EAB-1A84-4932-9347-939B705E0AD6}
		{8185C4FA-6B60-4308-AAC4-D6A8ED38E3CD} = {5E3A5EAB-1A84-4932-9347-939B705E0AD6}
		{45FA94FE-8AFB-49F9-9DFD-41FD554EA014} = {5E3A5EAB-1A84-4932-9347-939B705E0AD6}
		{F2E63E82-0E76-4D4E-BFA7-FF7AB9AA0E6F} = {5E3A5EAB-1A84-4932-9347-939B705E0AD6}
	EndGlobalSection
	GlobalSection(ExtensibilityGlobals) = postSolution
		SolutionGuid = {DCD0D7DC-6D37-43BF-85BA-46E8A158D2F3}
	EndGlobalSection
EndGlobal
